
Microsoft Visual Studio Solution File, Format Version 12.00
# Visual Studio 15
VisualStudioVersion = 15.0.26124.0
MinimumVisualStudioVersion = 15.0.26124.0
Project("{9A19103F-16F7-4668-BE54-9A1E7A4F7556}") = "R5T.Bath.Standard.Construction", "R5T.Bath.Standard.Construction\R5T.Bath.Standard.Construction.csproj", "{E24D9D10-A62A-4CA3-9062-92C8E09DD194}"
EndProject
Project("{9A19103F-16F7-4668-BE54-9A1E7A4F7556}") = "R5T.Bath.Standard", "R5T.Bath.Standard\R5T.Bath.Standard.csproj", "{CBA1CFC3-51E4-4FBE-9627-A89BC0AEBF14}"
EndProject
Project("{9A19103F-16F7-4668-BE54-9A1E7A4F7556}") = "R5T.Bath.Standard.Testing", "R5T.Bath.Standard.Testing\R5T.Bath.Standard.Testing.csproj", "{DB01C5F9-63E2-480B-B0DB-4F6D1298334D}"
EndProject
Project("{2150E333-8FDC-42A3-9474-1A3956D46DE8}") = "_Dependencies", "_Dependencies", "{1ECF67E0-4DC2-44E1-9D6C-7BFF49085A3C}"
EndProject
Project("{9A19103F-16F7-4668-BE54-9A1E7A4F7556}") = "R5T.Bath.File.Standard", "..\..\R5T.Bath.File.Standard\source\R5T.Bath.File.Standard\R5T.Bath.File.Standard.csproj", "{26724099-5246-48D7-872C-283A01A6E480}"
EndProject
Project("{9A19103F-16F7-4668-BE54-9A1E7A4F7556}") = "R5T.Bath.File.Thessaloniki.Standard", "..\..\R5T.Bath.File.Thessaloniki.Standard\source\R5T.Bath.File.Thessaloniki.Standard\R5T.Bath.File.Thessaloniki.Standard.csproj", "{A2ACD578-ECAA-45A2-A117-268863F85EAE}"
EndProject
Project("{9A19103F-16F7-4668-BE54-9A1E7A4F7556}") = "R5T.Bath.File.Thessaloniki", "..\..\R5T.Bath.File.Thessaloniki\source\R5T.Bath.File.Thessaloniki\R5T.Bath.File.Thessaloniki.csproj", "{C5D6D97C-E9A0-4DD3-A98A-936CC07F2E05}"
EndProject
Project("{9A19103F-16F7-4668-BE54-9A1E7A4F7556}") = "R5T.Bath.File.Default", "..\..\R5T.Bath.File.Default\source\R5T.Bath.File.Default\R5T.Bath.File.Default.csproj", "{AB893480-C892-47E6-A565-18565ADFD27B}"
EndProject
Project("{9A19103F-16F7-4668-BE54-9A1E7A4F7556}") = "R5T.Bath.File", "..\..\R5T.Bath.File\source\R5T.Bath.File\R5T.Bath.File.csproj", "{B723AF39-B850-4B9C-9607-6C8DE87912E2}"
EndProject
Project("{9A19103F-16F7-4668-BE54-9A1E7A4F7556}") = "R5T.Bath.Default", "..\..\R5T.Bath.Default\source\R5T.Bath.Default\R5T.Bath.Default.csproj", "{66A6EBC1-9994-48DC-8C62-7469CCF61E0A}"
EndProject
Project("{9A19103F-16F7-4668-BE54-9A1E7A4F7556}") = "R5T.Bath.Base", "..\..\R5T.Bath.Base\source\R5T.Bath.Base\R5T.Bath.Base.csproj", "{4925ADC0-956F-4B82-BA06-C390CF75D4C0}"
EndProject
Project("{9A19103F-16F7-4668-BE54-9A1E7A4F7556}") = "R5T.Lombardy.Base", "..\..\R5T.Lombardy.Base\source\R5T.Lombardy.Base\R5T.Lombardy.Base.csproj", "{47F67E12-880F-420F-A227-88776A72A315}"
EndProject
Project("{9A19103F-16F7-4668-BE54-9A1E7A4F7556}") = "R5T.Thessaloniki.Base", "..\..\R5T.Thessaloniki.Base\source\R5T.Thessaloniki.Base\R5T.Thessaloniki.Base.csproj", "{1DA50077-A150-4817-B17E-0E1454075B4A}"
EndProject
Project("{9A19103F-16F7-4668-BE54-9A1E7A4F7556}") = "R5T.Dacia.Extensions", "..\..\R5T.Dacia.Extensions\source\R5T.Dacia.Extensions\R5T.Dacia.Extensions.csproj", "{7C2AE583-E697-4D63-BAC5-D4B2BD73FE69}"
EndProject
Project("{9A19103F-16F7-4668-BE54-9A1E7A4F7556}") = "R5T.Dacia", "..\..\R5T.Dacia\source\R5T.Dacia\R5T.Dacia.csproj", "{56C0A7B2-88BD-4552-9AD0-C088D31CFCA7}"
EndProject
Project("{9A19103F-16F7-4668-BE54-9A1E7A4F7556}") = "R5T.Thessaloniki.Standard", "..\..\R5T.Thessaloniki.Standard\source\R5T.Thessaloniki.Standard\R5T.Thessaloniki.Standard.csproj", "{7A0F1350-ED51-4E07-8B0F-91788A0F2F17}"
EndProject
Project("{9A19103F-16F7-4668-BE54-9A1E7A4F7556}") = "R5T.Thessaloniki.Default", "..\..\R5T.Thessaloniki.Default\source\R5T.Thessaloniki.Default\R5T.Thessaloniki.Default.csproj", "{F4ED47F6-987D-4CB8-B5E7-0DE812B4962F}"
EndProject
Project("{9A19103F-16F7-4668-BE54-9A1E7A4F7556}") = "R5T.Lombardy.Standard", "..\..\R5T.Lombardy.Standard\source\R5T.Lombardy.Standard\R5T.Lombardy.Standard.csproj", "{C801DE9B-8C83-457F-BE05-578F355B56F1}"
EndProject
Project("{9A19103F-16F7-4668-BE54-9A1E7A4F7556}") = "R5T.Lombardy", "..\..\R5T.Lombardy\source\R5T.Lombardy\R5T.Lombardy.csproj", "{4B14AEB0-DE82-4D37-9E47-452767018009}"
EndProject
Project("{9A19103F-16F7-4668-BE54-9A1E7A4F7556}") = "R5T.Cherusci", "..\..\R5T.Cherusci\source\R5T.Cherusci\R5T.Cherusci.csproj", "{A9F2FDB4-F84A-4F22-8FB3-58B323CD1739}"
EndProject
Project("{9A19103F-16F7-4668-BE54-9A1E7A4F7556}") = "R5T.Magyar", "..\..\R5T.Magyar\source\R5T.Magyar\R5T.Magyar.csproj", "{9D16F885-0627-419E-A8B2-4CC44EBBD3FF}"
EndProject
Project("{9A19103F-16F7-4668-BE54-9A1E7A4F7556}") = "R5T.Rugia", "..\..\R5T.Rugia\source\R5T.Rugia\R5T.Rugia.csproj", "{C4397FF1-7391-4ED1-8F08-BD3B0BD2F2BF}"
EndProject
Project("{9A19103F-16F7-4668-BE54-9A1E7A4F7556}") = "R5T.Rugia.Base", "..\..\R5T.Rugia.Base\source\R5T.Rugia.Base\R5T.Rugia.Base.csproj", "{7152755E-C643-40DF-831E-05E5F69C209C}"
EndProject
Global
	GlobalSection(SolutionConfigurationPlatforms) = preSolution
		Debug|Any CPU = Debug|Any CPU
		Debug|x64 = Debug|x64
		Debug|x86 = Debug|x86
		Release|Any CPU = Release|Any CPU
		Release|x64 = Release|x64
		Release|x86 = Release|x86
	EndGlobalSection
	GlobalSection(ProjectConfigurationPlatforms) = postSolution
		{E24D9D10-A62A-4CA3-9062-92C8E09DD194}.Debug|Any CPU.ActiveCfg = Debug|Any CPU
		{E24D9D10-A62A-4CA3-9062-92C8E09DD194}.Debug|Any CPU.Build.0 = Debug|Any CPU
		{E24D9D10-A62A-4CA3-9062-92C8E09DD194}.Debug|x64.ActiveCfg = Debug|Any CPU
		{E24D9D10-A62A-4CA3-9062-92C8E09DD194}.Debug|x64.Build.0 = Debug|Any CPU
		{E24D9D10-A62A-4CA3-9062-92C8E09DD194}.Debug|x86.ActiveCfg = Debug|Any CPU
		{E24D9D10-A62A-4CA3-9062-92C8E09DD194}.Debug|x86.Build.0 = Debug|Any CPU
		{E24D9D10-A62A-4CA3-9062-92C8E09DD194}.Release|Any CPU.ActiveCfg = Release|Any CPU
		{E24D9D10-A62A-4CA3-9062-92C8E09DD194}.Release|Any CPU.Build.0 = Release|Any CPU
		{E24D9D10-A62A-4CA3-9062-92C8E09DD194}.Release|x64.ActiveCfg = Release|Any CPU
		{E24D9D10-A62A-4CA3-9062-92C8E09DD194}.Release|x64.Build.0 = Release|Any CPU
		{E24D9D10-A62A-4CA3-9062-92C8E09DD194}.Release|x86.ActiveCfg = Release|Any CPU
		{E24D9D10-A62A-4CA3-9062-92C8E09DD194}.Release|x86.Build.0 = Release|Any CPU
		{CBA1CFC3-51E4-4FBE-9627-A89BC0AEBF14}.Debug|Any CPU.ActiveCfg = Debug|Any CPU
		{CBA1CFC3-51E4-4FBE-9627-A89BC0AEBF14}.Debug|Any CPU.Build.0 = Debug|Any CPU
		{CBA1CFC3-51E4-4FBE-9627-A89BC0AEBF14}.Debug|x64.ActiveCfg = Debug|Any CPU
		{CBA1CFC3-51E4-4FBE-9627-A89BC0AEBF14}.Debug|x64.Build.0 = Debug|Any CPU
		{CBA1CFC3-51E4-4FBE-9627-A89BC0AEBF14}.Debug|x86.ActiveCfg = Debug|Any CPU
		{CBA1CFC3-51E4-4FBE-9627-A89BC0AEBF14}.Debug|x86.Build.0 = Debug|Any CPU
		{CBA1CFC3-51E4-4FBE-9627-A89BC0AEBF14}.Release|Any CPU.ActiveCfg = Release|Any CPU
		{CBA1CFC3-51E4-4FBE-9627-A89BC0AEBF14}.Release|Any CPU.Build.0 = Release|Any CPU
		{CBA1CFC3-51E4-4FBE-9627-A89BC0AEBF14}.Release|x64.ActiveCfg = Release|Any CPU
		{CBA1CFC3-51E4-4FBE-9627-A89BC0AEBF14}.Release|x64.Build.0 = Release|Any CPU
		{CBA1CFC3-51E4-4FBE-9627-A89BC0AEBF14}.Release|x86.ActiveCfg = Release|Any CPU
		{CBA1CFC3-51E4-4FBE-9627-A89BC0AEBF14}.Release|x86.Build.0 = Release|Any CPU
		{DB01C5F9-63E2-480B-B0DB-4F6D1298334D}.Debug|Any CPU.ActiveCfg = Debug|Any CPU
		{DB01C5F9-63E2-480B-B0DB-4F6D1298334D}.Debug|Any CPU.Build.0 = Debug|Any CPU
		{DB01C5F9-63E2-480B-B0DB-4F6D1298334D}.Debug|x64.ActiveCfg = Debug|Any CPU
		{DB01C5F9-63E2-480B-B0DB-4F6D1298334D}.Debug|x64.Build.0 = Debug|Any CPU
		{DB01C5F9-63E2-480B-B0DB-4F6D1298334D}.Debug|x86.ActiveCfg = Debug|Any CPU
		{DB01C5F9-63E2-480B-B0DB-4F6D1298334D}.Debug|x86.Build.0 = Debug|Any CPU
		{DB01C5F9-63E2-480B-B0DB-4F6D1298334D}.Release|Any CPU.ActiveCfg = Release|Any CPU
		{DB01C5F9-63E2-480B-B0DB-4F6D1298334D}.Release|Any CPU.Build.0 = Release|Any CPU
		{DB01C5F9-63E2-480B-B0DB-4F6D1298334D}.Release|x64.ActiveCfg = Release|Any CPU
		{DB01C5F9-63E2-480B-B0DB-4F6D1298334D}.Release|x64.Build.0 = Release|Any CPU
		{DB01C5F9-63E2-480B-B0DB-4F6D1298334D}.Release|x86.ActiveCfg = Release|Any CPU
		{DB01C5F9-63E2-480B-B0DB-4F6D1298334D}.Release|x86.Build.0 = Release|Any CPU
		{26724099-5246-48D7-872C-283A01A6E480}.Debug|Any CPU.ActiveCfg = Debug|Any CPU
		{26724099-5246-48D7-872C-283A01A6E480}.Debug|Any CPU.Build.0 = Debug|Any CPU
		{26724099-5246-48D7-872C-283A01A6E480}.Debug|x64.ActiveCfg = Debug|Any CPU
		{26724099-5246-48D7-872C-283A01A6E480}.Debug|x64.Build.0 = Debug|Any CPU
		{26724099-5246-48D7-872C-283A01A6E480}.Debug|x86.ActiveCfg = Debug|Any CPU
		{26724099-5246-48D7-872C-283A01A6E480}.Debug|x86.Build.0 = Debug|Any CPU
		{26724099-5246-48D7-872C-283A01A6E480}.Release|Any CPU.ActiveCfg = Release|Any CPU
		{26724099-5246-48D7-872C-283A01A6E480}.Release|Any CPU.Build.0 = Release|Any CPU
		{26724099-5246-48D7-872C-283A01A6E480}.Release|x64.ActiveCfg = Release|Any CPU
		{26724099-5246-48D7-872C-283A01A6E480}.Release|x64.Build.0 = Release|Any CPU
		{26724099-5246-48D7-872C-283A01A6E480}.Release|x86.ActiveCfg = Release|Any CPU
		{26724099-5246-48D7-872C-283A01A6E480}.Release|x86.Build.0 = Release|Any CPU
		{A2ACD578-ECAA-45A2-A117-268863F85EAE}.Debug|Any CPU.ActiveCfg = Debug|Any CPU
		{A2ACD578-ECAA-45A2-A117-268863F85EAE}.Debug|Any CPU.Build.0 = Debug|Any CPU
		{A2ACD578-ECAA-45A2-A117-268863F85EAE}.Debug|x64.ActiveCfg = Debug|Any CPU
		{A2ACD578-ECAA-45A2-A117-268863F85EAE}.Debug|x64.Build.0 = Debug|Any CPU
		{A2ACD578-ECAA-45A2-A117-268863F85EAE}.Debug|x86.ActiveCfg = Debug|Any CPU
		{A2ACD578-ECAA-45A2-A117-268863F85EAE}.Debug|x86.Build.0 = Debug|Any CPU
		{A2ACD578-ECAA-45A2-A117-268863F85EAE}.Release|Any CPU.ActiveCfg = Release|Any CPU
		{A2ACD578-ECAA-45A2-A117-268863F85EAE}.Release|Any CPU.Build.0 = Release|Any CPU
		{A2ACD578-ECAA-45A2-A117-268863F85EAE}.Release|x64.ActiveCfg = Release|Any CPU
		{A2ACD578-ECAA-45A2-A117-268863F85EAE}.Release|x64.Build.0 = Release|Any CPU
		{A2ACD578-ECAA-45A2-A117-268863F85EAE}.Release|x86.ActiveCfg = Release|Any CPU
		{A2ACD578-ECAA-45A2-A117-268863F85EAE}.Release|x86.Build.0 = Release|Any CPU
		{C5D6D97C-E9A0-4DD3-A98A-936CC07F2E05}.Debug|Any CPU.ActiveCfg = Debug|Any CPU
		{C5D6D97C-E9A0-4DD3-A98A-936CC07F2E05}.Debug|Any CPU.Build.0 = Debug|Any CPU
		{C5D6D97C-E9A0-4DD3-A98A-936CC07F2E05}.Debug|x64.ActiveCfg = Debug|Any CPU
		{C5D6D97C-E9A0-4DD3-A98A-936CC07F2E05}.Debug|x64.Build.0 = Debug|Any CPU
		{C5D6D97C-E9A0-4DD3-A98A-936CC07F2E05}.Debug|x86.ActiveCfg = Debug|Any CPU
		{C5D6D97C-E9A0-4DD3-A98A-936CC07F2E05}.Debug|x86.Build.0 = Debug|Any CPU
		{C5D6D97C-E9A0-4DD3-A98A-936CC07F2E05}.Release|Any CPU.ActiveCfg = Release|Any CPU
		{C5D6D97C-E9A0-4DD3-A98A-936CC07F2E05}.Release|Any CPU.Build.0 = Release|Any CPU
		{C5D6D97C-E9A0-4DD3-A98A-936CC07F2E05}.Release|x64.ActiveCfg = Release|Any CPU
		{C5D6D97C-E9A0-4DD3-A98A-936CC07F2E05}.Release|x64.Build.0 = Release|Any CPU
		{C5D6D97C-E9A0-4DD3-A98A-936CC07F2E05}.Release|x86.ActiveCfg = Release|Any CPU
		{C5D6D97C-E9A0-4DD3-A98A-936CC07F2E05}.Release|x86.Build.0 = Release|Any CPU
		{AB893480-C892-47E6-A565-18565ADFD27B}.Debug|Any CPU.ActiveCfg = Debug|Any CPU
		{AB893480-C892-47E6-A565-18565ADFD27B}.Debug|Any CPU.Build.0 = Debug|Any CPU
		{AB893480-C892-47E6-A565-18565ADFD27B}.Debug|x64.ActiveCfg = Debug|Any CPU
		{AB893480-C892-47E6-A565-18565ADFD27B}.Debug|x64.Build.0 = Debug|Any CPU
		{AB893480-C892-47E6-A565-18565ADFD27B}.Debug|x86.ActiveCfg = Debug|Any CPU
		{AB893480-C892-47E6-A565-18565ADFD27B}.Debug|x86.Build.0 = Debug|Any CPU
		{AB893480-C892-47E6-A565-18565ADFD27B}.Release|Any CPU.ActiveCfg = Release|Any CPU
		{AB893480-C892-47E6-A565-18565ADFD27B}.Release|Any CPU.Build.0 = Release|Any CPU
		{AB893480-C892-47E6-A565-18565ADFD27B}.Release|x64.ActiveCfg = Release|Any CPU
		{AB893480-C892-47E6-A565-18565ADFD27B}.Release|x64.Build.0 = Release|Any CPU
		{AB893480-C892-47E6-A565-18565ADFD27B}.Release|x86.ActiveCfg = Release|Any CPU
		{AB893480-C892-47E6-A565-18565ADFD27B}.Release|x86.Build.0 = Release|Any CPU
		{B723AF39-B850-4B9C-9607-6C8DE87912E2}.Debug|Any CPU.ActiveCfg = Debug|Any CPU
		{B723AF39-B850-4B9C-9607-6C8DE87912E2}.Debug|Any CPU.Build.0 = Debug|Any CPU
		{B723AF39-B850-4B9C-9607-6C8DE87912E2}.Debug|x64.ActiveCfg = Debug|Any CPU
		{B723AF39-B850-4B9C-9607-6C8DE87912E2}.Debug|x64.Build.0 = Debug|Any CPU
		{B723AF39-B850-4B9C-9607-6C8DE87912E2}.Debug|x86.ActiveCfg = Debug|Any CPU
		{B723AF39-B850-4B9C-9607-6C8DE87912E2}.Debug|x86.Build.0 = Debug|Any CPU
		{B723AF39-B850-4B9C-9607-6C8DE87912E2}.Release|Any CPU.ActiveCfg = Release|Any CPU
		{B723AF39-B850-4B9C-9607-6C8DE87912E2}.Release|Any CPU.Build.0 = Release|Any CPU
		{B723AF39-B850-4B9C-9607-6C8DE87912E2}.Release|x64.ActiveCfg = Release|Any CPU
		{B723AF39-B850-4B9C-9607-6C8DE87912E2}.Release|x64.Build.0 = Release|Any CPU
		{B723AF39-B850-4B9C-9607-6C8DE87912E2}.Release|x86.ActiveCfg = Release|Any CPU
		{B723AF39-B850-4B9C-9607-6C8DE87912E2}.Release|x86.Build.0 = Release|Any CPU
		{66A6EBC1-9994-48DC-8C62-7469CCF61E0A}.Debug|Any CPU.ActiveCfg = Debug|Any CPU
		{66A6EBC1-9994-48DC-8C62-7469CCF61E0A}.Debug|Any CPU.Build.0 = Debug|Any CPU
		{66A6EBC1-9994-48DC-8C62-7469CCF61E0A}.Debug|x64.ActiveCfg = Debug|Any CPU
		{66A6EBC1-9994-48DC-8C62-7469CCF61E0A}.Debug|x64.Build.0 = Debug|Any CPU
		{66A6EBC1-9994-48DC-8C62-7469CCF61E0A}.Debug|x86.ActiveCfg = Debug|Any CPU
		{66A6EBC1-9994-48DC-8C62-7469CCF61E0A}.Debug|x86.Build.0 = Debug|Any CPU
		{66A6EBC1-9994-48DC-8C62-7469CCF61E0A}.Release|Any CPU.ActiveCfg = Release|Any CPU
		{66A6EBC1-9994-48DC-8C62-7469CCF61E0A}.Release|Any CPU.Build.0 = Release|Any CPU
		{66A6EBC1-9994-48DC-8C62-7469CCF61E0A}.Release|x64.ActiveCfg = Release|Any CPU
		{66A6EBC1-9994-48DC-8C62-7469CCF61E0A}.Release|x64.Build.0 = Release|Any CPU
		{66A6EBC1-9994-48DC-8C62-7469CCF61E0A}.Release|x86.ActiveCfg = Release|Any CPU
		{66A6EBC1-9994-48DC-8C62-7469CCF61E0A}.Release|x86.Build.0 = Release|Any CPU
		{4925ADC0-956F-4B82-BA06-C390CF75D4C0}.Debug|Any CPU.ActiveCfg = Debug|Any CPU
		{4925ADC0-956F-4B82-BA06-C390CF75D4C0}.Debug|Any CPU.Build.0 = Debug|Any CPU
		{4925ADC0-956F-4B82-BA06-C390CF75D4C0}.Debug|x64.ActiveCfg = Debug|Any CPU
		{4925ADC0-956F-4B82-BA06-C390CF75D4C0}.Debug|x64.Build.0 = Debug|Any CPU
		{4925ADC0-956F-4B82-BA06-C390CF75D4C0}.Debug|x86.ActiveCfg = Debug|Any CPU
		{4925ADC0-956F-4B82-BA06-C390CF75D4C0}.Debug|x86.Build.0 = Debug|Any CPU
		{4925ADC0-956F-4B82-BA06-C390CF75D4C0}.Release|Any CPU.ActiveCfg = Release|Any CPU
		{4925ADC0-956F-4B82-BA06-C390CF75D4C0}.Release|Any CPU.Build.0 = Release|Any CPU
		{4925ADC0-956F-4B82-BA06-C390CF75D4C0}.Release|x64.ActiveCfg = Release|Any CPU
		{4925ADC0-956F-4B82-BA06-C390CF75D4C0}.Release|x64.Build.0 = Release|Any CPU
		{4925ADC0-956F-4B82-BA06-C390CF75D4C0}.Release|x86.ActiveCfg = Release|Any CPU
		{4925ADC0-956F-4B82-BA06-C390CF75D4C0}.Release|x86.Build.0 = Release|Any CPU
		{47F67E12-880F-420F-A227-88776A72A315}.Debug|Any CPU.ActiveCfg = Debug|Any CPU
		{47F67E12-880F-420F-A227-88776A72A315}.Debug|Any CPU.Build.0 = Debug|Any CPU
		{47F67E12-880F-420F-A227-88776A72A315}.Debug|x64.ActiveCfg = Debug|Any CPU
		{47F67E12-880F-420F-A227-88776A72A315}.Debug|x64.Build.0 = Debug|Any CPU
		{47F67E12-880F-420F-A227-88776A72A315}.Debug|x86.ActiveCfg = Debug|Any CPU
		{47F67E12-880F-420F-A227-88776A72A315}.Debug|x86.Build.0 = Debug|Any CPU
		{47F67E12-880F-420F-A227-88776A72A315}.Release|Any CPU.ActiveCfg = Release|Any CPU
		{47F67E12-880F-420F-A227-88776A72A315}.Release|Any CPU.Build.0 = Release|Any CPU
		{47F67E12-880F-420F-A227-88776A72A315}.Release|x64.ActiveCfg = Release|Any CPU
		{47F67E12-880F-420F-A227-88776A72A315}.Release|x64.Build.0 = Release|Any CPU
		{47F67E12-880F-420F-A227-88776A72A315}.Release|x86.ActiveCfg = Release|Any CPU
		{47F67E12-880F-420F-A227-88776A72A315}.Release|x86.Build.0 = Release|Any CPU
		{1DA50077-A150-4817-B17E-0E1454075B4A}.Debug|Any CPU.ActiveCfg = Debug|Any CPU
		{1DA50077-A150-4817-B17E-0E1454075B4A}.Debug|Any CPU.Build.0 = Debug|Any CPU
		{1DA50077-A150-4817-B17E-0E1454075B4A}.Debug|x64.ActiveCfg = Debug|Any CPU
		{1DA50077-A150-4817-B17E-0E1454075B4A}.Debug|x64.Build.0 = Debug|Any CPU
		{1DA50077-A150-4817-B17E-0E1454075B4A}.Debug|x86.ActiveCfg = Debug|Any CPU
		{1DA50077-A150-4817-B17E-0E1454075B4A}.Debug|x86.Build.0 = Debug|Any CPU
		{1DA50077-A150-4817-B17E-0E1454075B4A}.Release|Any CPU.ActiveCfg = Release|Any CPU
		{1DA50077-A150-4817-B17E-0E1454075B4A}.Release|Any CPU.Build.0 = Release|Any CPU
		{1DA50077-A150-4817-B17E-0E1454075B4A}.Release|x64.ActiveCfg = Release|Any CPU
		{1DA50077-A150-4817-B17E-0E1454075B4A}.Release|x64.Build.0 = Release|Any CPU
		{1DA50077-A150-4817-B17E-0E1454075B4A}.Release|x86.ActiveCfg = Release|Any CPU
		{1DA50077-A150-4817-B17E-0E1454075B4A}.Release|x86.Build.0 = Release|Any CPU
		{7C2AE583-E697-4D63-BAC5-D4B2BD73FE69}.Debug|Any CPU.ActiveCfg = Debug|Any CPU
		{7C2AE583-E697-4D63-BAC5-D4B2BD73FE69}.Debug|Any CPU.Build.0 = Debug|Any CPU
		{7C2AE583-E697-4D63-BAC5-D4B2BD73FE69}.Debug|x64.ActiveCfg = Debug|Any CPU
		{7C2AE583-E697-4D63-BAC5-D4B2BD73FE69}.Debug|x64.Build.0 = Debug|Any CPU
		{7C2AE583-E697-4D63-BAC5-D4B2BD73FE69}.Debug|x86.ActiveCfg = Debug|Any CPU
		{7C2AE583-E697-4D63-BAC5-D4B2BD73FE69}.Debug|x86.Build.0 = Debug|Any CPU
		{7C2AE583-E697-4D63-BAC5-D4B2BD73FE69}.Release|Any CPU.ActiveCfg = Release|Any CPU
		{7C2AE583-E697-4D63-BAC5-D4B2BD73FE69}.Release|Any CPU.Build.0 = Release|Any CPU
		{7C2AE583-E697-4D63-BAC5-D4B2BD73FE69}.Release|x64.ActiveCfg = Release|Any CPU
		{7C2AE583-E697-4D63-BAC5-D4B2BD73FE69}.Release|x64.Build.0 = Release|Any CPU
		{7C2AE583-E697-4D63-BAC5-D4B2BD73FE69}.Release|x86.ActiveCfg = Release|Any CPU
		{7C2AE583-E697-4D63-BAC5-D4B2BD73FE69}.Release|x86.Build.0 = Release|Any CPU
		{56C0A7B2-88BD-4552-9AD0-C088D31CFCA7}.Debug|Any CPU.ActiveCfg = Debug|Any CPU
		{56C0A7B2-88BD-4552-9AD0-C088D31CFCA7}.Debug|Any CPU.Build.0 = Debug|Any CPU
		{56C0A7B2-88BD-4552-9AD0-C088D31CFCA7}.Debug|x64.ActiveCfg = Debug|Any CPU
		{56C0A7B2-88BD-4552-9AD0-C088D31CFCA7}.Debug|x64.Build.0 = Debug|Any CPU
		{56C0A7B2-88BD-4552-9AD0-C088D31CFCA7}.Debug|x86.ActiveCfg = Debug|Any CPU
		{56C0A7B2-88BD-4552-9AD0-C088D31CFCA7}.Debug|x86.Build.0 = Debug|Any CPU
		{56C0A7B2-88BD-4552-9AD0-C088D31CFCA7}.Release|Any CPU.ActiveCfg = Release|Any CPU
		{56C0A7B2-88BD-4552-9AD0-C088D31CFCA7}.Release|Any CPU.Build.0 = Release|Any CPU
		{56C0A7B2-88BD-4552-9AD0-C088D31CFCA7}.Release|x64.ActiveCfg = Release|Any CPU
		{56C0A7B2-88BD-4552-9AD0-C088D31CFCA7}.Release|x64.Build.0 = Release|Any CPU
		{56C0A7B2-88BD-4552-9AD0-C088D31CFCA7}.Release|x86.ActiveCfg = Release|Any CPU
		{56C0A7B2-88BD-4552-9AD0-C088D31CFCA7}.Release|x86.Build.0 = Release|Any CPU
		{7A0F1350-ED51-4E07-8B0F-91788A0F2F17}.Debug|Any CPU.ActiveCfg = Debug|Any CPU
		{7A0F1350-ED51-4E07-8B0F-91788A0F2F17}.Debug|Any CPU.Build.0 = Debug|Any CPU
		{7A0F1350-ED51-4E07-8B0F-91788A0F2F17}.Debug|x64.ActiveCfg = Debug|Any CPU
		{7A0F1350-ED51-4E07-8B0F-91788A0F2F17}.Debug|x64.Build.0 = Debug|Any CPU
		{7A0F1350-ED51-4E07-8B0F-91788A0F2F17}.Debug|x86.ActiveCfg = Debug|Any CPU
		{7A0F1350-ED51-4E07-8B0F-91788A0F2F17}.Debug|x86.Build.0 = Debug|Any CPU
		{7A0F1350-ED51-4E07-8B0F-91788A0F2F17}.Release|Any CPU.ActiveCfg = Release|Any CPU
		{7A0F1350-ED51-4E07-8B0F-91788A0F2F17}.Release|Any CPU.Build.0 = Release|Any CPU
		{7A0F1350-ED51-4E07-8B0F-91788A0F2F17}.Release|x64.ActiveCfg = Release|Any CPU
		{7A0F1350-ED51-4E07-8B0F-91788A0F2F17}.Release|x64.Build.0 = Release|Any CPU
		{7A0F1350-ED51-4E07-8B0F-91788A0F2F17}.Release|x86.ActiveCfg = Release|Any CPU
		{7A0F1350-ED51-4E07-8B0F-91788A0F2F17}.Release|x86.Build.0 = Release|Any CPU
		{F4ED47F6-987D-4CB8-B5E7-0DE812B4962F}.Debug|Any CPU.ActiveCfg = Debug|Any CPU
		{F4ED47F6-987D-4CB8-B5E7-0DE812B4962F}.Debug|Any CPU.Build.0 = Debug|Any CPU
		{F4ED47F6-987D-4CB8-B5E7-0DE812B4962F}.Debug|x64.ActiveCfg = Debug|Any CPU
		{F4ED47F6-987D-4CB8-B5E7-0DE812B4962F}.Debug|x64.Build.0 = Debug|Any CPU
		{F4ED47F6-987D-4CB8-B5E7-0DE812B4962F}.Debug|x86.ActiveCfg = Debug|Any CPU
		{F4ED47F6-987D-4CB8-B5E7-0DE812B4962F}.Debug|x86.Build.0 = Debug|Any CPU
		{F4ED47F6-987D-4CB8-B5E7-0DE812B4962F}.Release|Any CPU.ActiveCfg = Release|Any CPU
		{F4ED47F6-987D-4CB8-B5E7-0DE812B4962F}.Release|Any CPU.Build.0 = Release|Any CPU
		{F4ED47F6-987D-4CB8-B5E7-0DE812B4962F}.Release|x64.ActiveCfg = Release|Any CPU
		{F4ED47F6-987D-4CB8-B5E7-0DE812B4962F}.Release|x64.Build.0 = Release|Any CPU
		{F4ED47F6-987D-4CB8-B5E7-0DE812B4962F}.Release|x86.ActiveCfg = Release|Any CPU
		{F4ED47F6-987D-4CB8-B5E7-0DE812B4962F}.Release|x86.Build.0 = Release|Any CPU
		{C801DE9B-8C83-457F-BE05-578F355B56F1}.Debug|Any CPU.ActiveCfg = Debug|Any CPU
		{C801DE9B-8C83-457F-BE05-578F355B56F1}.Debug|Any CPU.Build.0 = Debug|Any CPU
		{C801DE9B-8C83-457F-BE05-578F355B56F1}.Debug|x64.ActiveCfg = Debug|Any CPU
		{C801DE9B-8C83-457F-BE05-578F355B56F1}.Debug|x64.Build.0 = Debug|Any CPU
		{C801DE9B-8C83-457F-BE05-578F355B56F1}.Debug|x86.ActiveCfg = Debug|Any CPU
		{C801DE9B-8C83-457F-BE05-578F355B56F1}.Debug|x86.Build.0 = Debug|Any CPU
		{C801DE9B-8C83-457F-BE05-578F355B56F1}.Release|Any CPU.ActiveCfg = Release|Any CPU
		{C801DE9B-8C83-457F-BE05-578F355B56F1}.Release|Any CPU.Build.0 = Release|Any CPU
		{C801DE9B-8C83-457F-BE05-578F355B56F1}.Release|x64.ActiveCfg = Release|Any CPU
		{C801DE9B-8C83-457F-BE05-578F355B56F1}.Release|x64.Build.0 = Release|Any CPU
		{C801DE9B-8C83-457F-BE05-578F355B56F1}.Release|x86.ActiveCfg = Release|Any CPU
		{C801DE9B-8C83-457F-BE05-578F355B56F1}.Release|x86.Build.0 = Release|Any CPU
		{4B14AEB0-DE82-4D37-9E47-452767018009}.Debug|Any CPU.ActiveCfg = Debug|Any CPU
		{4B14AEB0-DE82-4D37-9E47-452767018009}.Debug|Any CPU.Build.0 = Debug|Any CPU
		{4B14AEB0-DE82-4D37-9E47-452767018009}.Debug|x64.ActiveCfg = Debug|Any CPU
		{4B14AEB0-DE82-4D37-9E47-452767018009}.Debug|x64.Build.0 = Debug|Any CPU
		{4B14AEB0-DE82-4D37-9E47-452767018009}.Debug|x86.ActiveCfg = Debug|Any CPU
		{4B14AEB0-DE82-4D37-9E47-452767018009}.Debug|x86.Build.0 = Debug|Any CPU
		{4B14AEB0-DE82-4D37-9E47-452767018009}.Release|Any CPU.ActiveCfg = Release|Any CPU
		{4B14AEB0-DE82-4D37-9E47-452767018009}.Release|Any CPU.Build.0 = Release|Any CPU
		{4B14AEB0-DE82-4D37-9E47-452767018009}.Release|x64.ActiveCfg = Release|Any CPU
		{4B14AEB0-DE82-4D37-9E47-452767018009}.Release|x64.Build.0 = Release|Any CPU
		{4B14AEB0-DE82-4D37-9E47-452767018009}.Release|x86.ActiveCfg = Release|Any CPU
		{4B14AEB0-DE82-4D37-9E47-452767018009}.Release|x86.Build.0 = Release|Any CPU
		{A9F2FDB4-F84A-4F22-8FB3-58B323CD1739}.Debug|Any CPU.ActiveCfg = Debug|Any CPU
		{A9F2FDB4-F84A-4F22-8FB3-58B323CD1739}.Debug|Any CPU.Build.0 = Debug|Any CPU
		{A9F2FDB4-F84A-4F22-8FB3-58B323CD1739}.Debug|x64.ActiveCfg = Debug|Any CPU
		{A9F2FDB4-F84A-4F22-8FB3-58B323CD1739}.Debug|x64.Build.0 = Debug|Any CPU
		{A9F2FDB4-F84A-4F22-8FB3-58B323CD1739}.Debug|x86.ActiveCfg = Debug|Any CPU
		{A9F2FDB4-F84A-4F22-8FB3-58B323CD1739}.Debug|x86.Build.0 = Debug|Any CPU
		{A9F2FDB4-F84A-4F22-8FB3-58B323CD1739}.Release|Any CPU.ActiveCfg = Release|Any CPU
		{A9F2FDB4-F84A-4F22-8FB3-58B323CD1739}.Release|Any CPU.Build.0 = Release|Any CPU
		{A9F2FDB4-F84A-4F22-8FB3-58B323CD1739}.Release|x64.ActiveCfg = Release|Any CPU
		{A9F2FDB4-F84A-4F22-8FB3-58B323CD1739}.Release|x64.Build.0 = Release|Any CPU
		{A9F2FDB4-F84A-4F22-8FB3-58B323CD1739}.Release|x86.ActiveCfg = Release|Any CPU
		{A9F2FDB4-F84A-4F22-8FB3-58B323CD1739}.Release|x86.Build.0 = Release|Any CPU
		{9D16F885-0627-419E-A8B2-4CC44EBBD3FF}.Debug|Any CPU.ActiveCfg = Debug|Any CPU
		{9D16F885-0627-419E-A8B2-4CC44EBBD3FF}.Debug|Any CPU.Build.0 = Debug|Any CPU
		{9D16F885-0627-419E-A8B2-4CC44EBBD3FF}.Debug|x64.ActiveCfg = Debug|Any CPU
		{9D16F885-0627-419E-A8B2-4CC44EBBD3FF}.Debug|x64.Build.0 = Debug|Any CPU
		{9D16F885-0627-419E-A8B2-4CC44EBBD3FF}.Debug|x86.ActiveCfg = Debug|Any CPU
		{9D16F885-0627-419E-A8B2-4CC44EBBD3FF}.Debug|x86.Build.0 = Debug|Any CPU
		{9D16F885-0627-419E-A8B2-4CC44EBBD3FF}.Release|Any CPU.ActiveCfg = Release|Any CPU
		{9D16F885-0627-419E-A8B2-4CC44EBBD3FF}.Release|Any CPU.Build.0 = Release|Any CPU
		{9D16F885-0627-419E-A8B2-4CC44EBBD3FF}.Release|x64.ActiveCfg = Release|Any CPU
		{9D16F885-0627-419E-A8B2-4CC44EBBD3FF}.Release|x64.Build.0 = Release|Any CPU
		{9D16F885-0627-419E-A8B2-4CC44EBBD3FF}.Release|x86.ActiveCfg = Release|Any CPU
		{9D16F885-0627-419E-A8B2-4CC44EBBD3FF}.Release|x86.Build.0 = Release|Any CPU
		{C4397FF1-7391-4ED1-8F08-BD3B0BD2F2BF}.Debug|Any CPU.ActiveCfg = Debug|Any CPU
		{C4397FF1-7391-4ED1-8F08-BD3B0BD2F2BF}.Debug|Any CPU.Build.0 = Debug|Any CPU
		{C4397FF1-7391-4ED1-8F08-BD3B0BD2F2BF}.Debug|x64.ActiveCfg = Debug|Any CPU
		{C4397FF1-7391-4ED1-8F08-BD3B0BD2F2BF}.Debug|x64.Build.0 = Debug|Any CPU
		{C4397FF1-7391-4ED1-8F08-BD3B0BD2F2BF}.Debug|x86.ActiveCfg = Debug|Any CPU
		{C4397FF1-7391-4ED1-8F08-BD3B0BD2F2BF}.Debug|x86.Build.0 = Debug|Any CPU
		{C4397FF1-7391-4ED1-8F08-BD3B0BD2F2BF}.Release|Any CPU.ActiveCfg = Release|Any CPU
		{C4397FF1-7391-4ED1-8F08-BD3B0BD2F2BF}.Release|Any CPU.Build.0 = Release|Any CPU
		{C4397FF1-7391-4ED1-8F08-BD3B0BD2F2BF}.Release|x64.ActiveCfg = Release|Any CPU
		{C4397FF1-7391-4ED1-8F08-BD3B0BD2F2BF}.Release|x64.Build.0 = Release|Any CPU
		{C4397FF1-7391-4ED1-8F08-BD3B0BD2F2BF}.Release|x86.ActiveCfg = Release|Any CPU
		{C4397FF1-7391-4ED1-8F08-BD3B0BD2F2BF}.Release|x86.Build.0 = Release|Any CPU
		{7152755E-C643-40DF-831E-05E5F69C209C}.Debug|Any CPU.ActiveCfg = Debug|Any CPU
		{7152755E-C643-40DF-831E-05E5F69C209C}.Debug|Any CPU.Build.0 = Debug|Any CPU
		{7152755E-C643-40DF-831E-05E5F69C209C}.Debug|x64.ActiveCfg = Debug|Any CPU
		{7152755E-C643-40DF-831E-05E5F69C209C}.Debug|x64.Build.0 = Debug|Any CPU
		{7152755E-C643-40DF-831E-05E5F69C209C}.Debug|x86.ActiveCfg = Debug|Any CPU
		{7152755E-C643-40DF-831E-05E5F69C209C}.Debug|x86.Build.0 = Debug|Any CPU
		{7152755E-C643-40DF-831E-05E5F69C209C}.Release|Any CPU.ActiveCfg = Release|Any CPU
		{7152755E-C643-40DF-831E-05E5F69C209C}.Release|Any CPU.Build.0 = Release|Any CPU
		{7152755E-C643-40DF-831E-05E5F69C209C}.Release|x64.ActiveCfg = Release|Any CPU
		{7152755E-C643-40DF-831E-05E5F69C209C}.Release|x64.Build.0 = Release|Any CPU
		{7152755E-C643-40DF-831E-05E5F69C209C}.Release|x86.ActiveCfg = Release|Any CPU
		{7152755E-C643-40DF-831E-05E5F69C209C}.Release|x86.Build.0 = Release|Any CPU
	EndGlobalSection
	GlobalSection(SolutionProperties) = preSolution
		HideSolutionNode = FALSE
	EndGlobalSection
	GlobalSection(NestedProjects) = preSolution
		{26724099-5246-48D7-872C-283A01A6E480} = {1ECF67E0-4DC2-44E1-9D6C-7BFF49085A3C}
		{A2ACD578-ECAA-45A2-A117-268863F85EAE} = {1ECF67E0-4DC2-44E1-9D6C-7BFF49085A3C}
		{C5D6D97C-E9A0-4DD3-A98A-936CC07F2E05} = {1ECF67E0-4DC2-44E1-9D6C-7BFF49085A3C}
		{AB893480-C892-47E6-A565-18565ADFD27B} = {1ECF67E0-4DC2-44E1-9D6C-7BFF49085A3C}
		{B723AF39-B850-4B9C-9607-6C8DE87912E2} = {1ECF67E0-4DC2-44E1-9D6C-7BFF49085A3C}
		{66A6EBC1-9994-48DC-8C62-7469CCF61E0A} = {1ECF67E0-4DC2-44E1-9D6C-7BFF49085A3C}
		{4925ADC0-956F-4B82-BA06-C390CF75D4C0} = {1ECF67E0-4DC2-44E1-9D6C-7BFF49085A3C}
		{47F67E12-880F-420F-A227-88776A72A315} = {1ECF67E0-4DC2-44E1-9D6C-7BFF49085A3C}
		{1DA50077-A150-4817-B17E-0E1454075B4A} = {1ECF67E0-4DC2-44E1-9D6C-7BFF49085A3C}
		{7C2AE583-E697-4D63-BAC5-D4B2BD73FE69} = {1ECF67E0-4DC2-44E1-9D6C-7BFF49085A3C}
		{56C0A7B2-88BD-4552-9AD0-C088D31CFCA7} = {1ECF67E0-4DC2-44E1-9D6C-7BFF49085A3C}
		{7A0F1350-ED51-4E07-8B0F-91788A0F2F17} = {1ECF67E0-4DC2-44E1-9D6C-7BFF49085A3C}
		{F4ED47F6-987D-4CB8-B5E7-0DE812B4962F} = {1ECF67E0-4DC2-44E1-9D6C-7BFF49085A3C}
		{C801DE9B-8C83-457F-BE05-578F355B56F1} = {1ECF67E0-4DC2-44E1-9D6C-7BFF49085A3C}
		{4B14AEB0-DE82-4D37-9E47-452767018009} = {1ECF67E0-4DC2-44E1-9D6C-7BFF49085A3C}
		{A9F2FDB4-F84A-4F22-8FB3-58B323CD1739} = {1ECF67E0-4DC2-44E1-9D6C-7BFF49085A3C}
		{9D16F885-0627-419E-A8B2-4CC44EBBD3FF} = {1ECF67E0-4DC2-44E1-9D6C-7BFF49085A3C}
		{C4397FF1-7391-4ED1-8F08-BD3B0BD2F2BF} = {1ECF67E0-4DC2-44E1-9D6C-7BFF49085A3C}
		{7152755E-C643-40DF-831E-05E5F69C209C} = {1ECF67E0-4DC2-44E1-9D6C-7BFF49085A3C}
	EndGlobalSection
	GlobalSection(ExtensibilityGlobals) = postSolution
		SolutionGuid = {90C36003-DF19-41C8-A277-A2FCFA8C2467}
	EndGlobalSection
EndGlobal
