
Microsoft Visual Studio Solution File, Format Version 12.00
# Visual Studio 15
VisualStudioVersion = 15.0.26124.0
MinimumVisualStudioVersion = 15.0.26124.0
Project("{FAE04EC0-301F-11D3-BF4B-00C04F79EFBC}") = "R5T.Bath.Standard.Construction", "R5T.Bath.Standard.Construction\R5T.Bath.Standard.Construction.csproj", "{E24D9D10-A62A-4CA3-9062-92C8E09DD194}"
EndProject
Project("{FAE04EC0-301F-11D3-BF4B-00C04F79EFBC}") = "R5T.Bath.Standard", "R5T.Bath.Standard\R5T.Bath.Standard.csproj", "{CBA1CFC3-51E4-4FBE-9627-A89BC0AEBF14}"
EndProject
Project("{FAE04EC0-301F-11D3-BF4B-00C04F79EFBC}") = "R5T.Bath.Standard.Testing", "R5T.Bath.Standard.Testing\R5T.Bath.Standard.Testing.csproj", "{DB01C5F9-63E2-480B-B0DB-4F6D1298334D}"
EndProject
Global
	GlobalSection(SolutionConfigurationPlatforms) = preSolution
		Debug|Any CPU = Debug|Any CPU
		Debug|x64 = Debug|x64
		Debug|x86 = Debug|x86
		Release|Any CPU = Release|Any CPU
		Release|x64 = Release|x64
		Release|x86 = Release|x86
	EndGlobalSection
	GlobalSection(SolutionProperties) = preSolution
		HideSolutionNode = FALSE
	EndGlobalSection
	GlobalSection(ProjectConfigurationPlatforms) = postSolution
		{E24D9D10-A62A-4CA3-9062-92C8E09DD194}.Debug|Any CPU.ActiveCfg = Debug|Any CPU
		{E24D9D10-A62A-4CA3-9062-92C8E09DD194}.Debug|Any CPU.Build.0 = Debug|Any CPU
		{E24D9D10-A62A-4CA3-9062-92C8E09DD194}.Debug|x64.ActiveCfg = Debug|Any CPU
		{E24D9D10-A62A-4CA3-9062-92C8E09DD194}.Debug|x64.Build.0 = Debug|Any CPU
		{E24D9D10-A62A-4CA3-9062-92C8E09DD194}.Debug|x86.ActiveCfg = Debug|Any CPU
		{E24D9D10-A62A-4CA3-9062-92C8E09DD194}.Debug|x86.Build.0 = Debug|Any CPU
		{E24D9D10-A62A-4CA3-9062-92C8E09DD194}.Release|Any CPU.ActiveCfg = Release|Any CPU
		{E24D9D10-A62A-4CA3-9062-92C8E09DD194}.Release|Any CPU.Build.0 = Release|Any CPU
		{E24D9D10-A62A-4CA3-9062-92C8E09DD194}.Release|x64.ActiveCfg = Release|Any CPU
		{E24D9D10-A62A-4CA3-9062-92C8E09DD194}.Release|x64.Build.0 = Release|Any CPU
		{E24D9D10-A62A-4CA3-9062-92C8E09DD194}.Release|x86.ActiveCfg = Release|Any CPU
		{E24D9D10-A62A-4CA3-9062-92C8E09DD194}.Release|x86.Build.0 = Release|Any CPU
		{CBA1CFC3-51E4-4FBE-9627-A89BC0AEBF14}.Debug|Any CPU.ActiveCfg = Debug|Any CPU
		{CBA1CFC3-51E4-4FBE-9627-A89BC0AEBF14}.Debug|Any CPU.Build.0 = Debug|Any CPU
		{CBA1CFC3-51E4-4FBE-9627-A89BC0AEBF14}.Debug|x64.ActiveCfg = Debug|Any CPU
		{CBA1CFC3-51E4-4FBE-9627-A89BC0AEBF14}.Debug|x64.Build.0 = Debug|Any CPU
		{CBA1CFC3-51E4-4FBE-9627-A89BC0AEBF14}.Debug|x86.ActiveCfg = Debug|Any CPU
		{CBA1CFC3-51E4-4FBE-9627-A89BC0AEBF14}.Debug|x86.Build.0 = Debug|Any CPU
		{CBA1CFC3-51E4-4FBE-9627-A89BC0AEBF14}.Release|Any CPU.ActiveCfg = Release|Any CPU
		{CBA1CFC3-51E4-4FBE-9627-A89BC0AEBF14}.Release|Any CPU.Build.0 = Release|Any CPU
		{CBA1CFC3-51E4-4FBE-9627-A89BC0AEBF14}.Release|x64.ActiveCfg = Release|Any CPU
		{CBA1CFC3-51E4-4FBE-9627-A89BC0AEBF14}.Release|x64.Build.0 = Release|Any CPU
		{CBA1CFC3-51E4-4FBE-9627-A89BC0AEBF14}.Release|x86.ActiveCfg = Release|Any CPU
		{CBA1CFC3-51E4-4FBE-9627-A89BC0AEBF14}.Release|x86.Build.0 = Release|Any CPU
		{DB01C5F9-63E2-480B-B0DB-4F6D1298334D}.Debug|Any CPU.ActiveCfg = Debug|Any CPU
		{DB01C5F9-63E2-480B-B0DB-4F6D1298334D}.Debug|Any CPU.Build.0 = Debug|Any CPU
		{DB01C5F9-63E2-480B-B0DB-4F6D1298334D}.Debug|x64.ActiveCfg = Debug|Any CPU
		{DB01C5F9-63E2-480B-B0DB-4F6D1298334D}.Debug|x64.Build.0 = Debug|Any CPU
		{DB01C5F9-63E2-480B-B0DB-4F6D1298334D}.Debug|x86.ActiveCfg = Debug|Any CPU
		{DB01C5F9-63E2-480B-B0DB-4F6D1298334D}.Debug|x86.Build.0 = Debug|Any CPU
		{DB01C5F9-63E2-480B-B0DB-4F6D1298334D}.Release|Any CPU.ActiveCfg = Release|Any CPU
		{DB01C5F9-63E2-480B-B0DB-4F6D1298334D}.Release|Any CPU.Build.0 = Release|Any CPU
		{DB01C5F9-63E2-480B-B0DB-4F6D1298334D}.Release|x64.ActiveCfg = Release|Any CPU
		{DB01C5F9-63E2-480B-B0DB-4F6D1298334D}.Release|x64.Build.0 = Release|Any CPU
		{DB01C5F9-63E2-480B-B0DB-4F6D1298334D}.Release|x86.ActiveCfg = Release|Any CPU
		{DB01C5F9-63E2-480B-B0DB-4F6D1298334D}.Release|x86.Build.0 = Release|Any CPU
	EndGlobalSection
EndGlobal
